
Microsoft Visual Studio Solution File, Format Version 12.00
# Visual Studio Version 17
VisualStudioVersion = 17.2.32526.322
MinimumVisualStudioVersion = 10.0.40219.1
Project("{8BC9CEB8-8B4A-11D0-8D11-00A0C91BC942}") = "nms3", "nms3\nms3.vcxproj", "{A651C9F4-FE04-4C02-BFF1-2E0B87BDDB8F}"
EndProject
Global
	GlobalSection(SolutionConfigurationPlatforms) = preSolution
		Debug|x64 = Debug|x64
		Debug|x86 = Debug|x86
		Release|x64 = Release|x64
		Release|x86 = Release|x86
	EndGlobalSection
	GlobalSection(ProjectConfigurationPlatforms) = postSolution
		{A651C9F4-FE04-4C02-BFF1-2E0B87BDDB8F}.Debug|x64.ActiveCfg = Debug|x64
		{A651C9F4-FE04-4C02-BFF1-2E0B87BDDB8F}.Debug|x64.Build.0 = Debug|x64
		{A651C9F4-FE04-4C02-BFF1-2E0B87BDDB8F}.Debug|x86.ActiveCfg = Debug|Win32
		{A651C9F4-FE04-4C02-BFF1-2E0B87BDDB8F}.Debug|x86.Build.0 = Debug|Win32
		{A651C9F4-FE04-4C02-BFF1-2E0B87BDDB8F}.Release|x64.ActiveCfg = Release|x64
		{A651C9F4-FE04-4C02-BFF1-2E0B87BDDB8F}.Release|x64.Build.0 = Release|x64
		{A651C9F4-FE04-4C02-BFF1-2E0B87BDDB8F}.Release|x86.ActiveCfg = Release|Win32
		{A651C9F4-FE04-4C02-BFF1-2E0B87BDDB8F}.Release|x86.Build.0 = Release|Win32
	EndGlobalSection
	GlobalSection(SolutionProperties) = preSolution
		HideSolutionNode = FALSE
	EndGlobalSection
	GlobalSection(ExtensibilityGlobals) = postSolution
		SolutionGuid = {E9C4C94E-5D4C-4129-8DF8-23E6B730E201}
	EndGlobalSection
EndGlobal
